{
  "name": "personal-fintrack-api",
  "lockfileVersion": 3,
  "requires": true,
  "packages": {
    "": {
      "dependencies": {
        "@supabase/supabase-js": "^2.45.3",
        "dotenv": "^16.4.5",
        "drizzle-orm": "^0.33.0",
        "hono": "^4.5.11",
        "kysely": "^0.27.4",
        "pg": "^8.12.0",
        "typebox": "^0.0.1"
      },
      "devDependencies": {
        "@types/bun": "^1.1.8"
      }
    },
    "node_modules/@supabase/auth-js": {
      "version": "2.65.0",
      "resolved": "https://registry.npmjs.org/@supabase/auth-js/-/auth-js-2.65.0.tgz",
      "integrity": "sha512-+wboHfZufAE2Y612OsKeVP4rVOeGZzzMLD/Ac3HrTQkkY4qXNjI6Af9gtmxwccE5nFvTiF114FEbIQ1hRq5uUw==",
      "license": "MIT",
      "dependencies": {
        "@supabase/node-fetch": "^2.6.14"
      }
    },
    "node_modules/@supabase/functions-js": {
      "version": "2.4.1",
      "resolved": "https://registry.npmjs.org/@supabase/functions-js/-/functions-js-2.4.1.tgz",
      "integrity": "sha512-8sZ2ibwHlf+WkHDUZJUXqqmPvWQ3UHN0W30behOJngVh/qHHekhJLCFbh0AjkE9/FqqXtf9eoVvmYgfCLk5tNA==",
      "license": "MIT",
      "dependencies": {
        "@supabase/node-fetch": "^2.6.14"
      }
    },
    "node_modules/@supabase/node-fetch": {
      "version": "2.6.15",
      "resolved": "https://registry.npmjs.org/@supabase/node-fetch/-/node-fetch-2.6.15.tgz",
      "integrity": "sha512-1ibVeYUacxWYi9i0cf5efil6adJ9WRyZBLivgjs+AUpewx1F3xPi7gLgaASI2SmIQxPoCEjAsLAzKPgMJVgOUQ==",
      "license": "MIT",
      "dependencies": {
        "whatwg-url": "^5.0.0"
      },
      "engines": {
        "node": "4.x || >=6.0.0"
      }
    },
    "node_modules/@supabase/postgrest-js": {
      "version": "1.15.8",
      "resolved": "https://registry.npmjs.org/@supabase/postgrest-js/-/postgrest-js-1.15.8.tgz",
      "integrity": "sha512-YunjXpoQjQ0a0/7vGAvGZA2dlMABXFdVI/8TuVKtlePxyT71sl6ERl6ay1fmIeZcqxiuFQuZw/LXUuStUG9bbg==",
      "license": "MIT",
      "dependencies": {
        "@supabase/node-fetch": "^2.6.14"
      }
    },
    "node_modules/@supabase/realtime-js": {
      "version": "2.10.2",
      "resolved": "https://registry.npmjs.org/@supabase/realtime-js/-/realtime-js-2.10.2.tgz",
      "integrity": "sha512-qyCQaNg90HmJstsvr2aJNxK2zgoKh9ZZA8oqb7UT2LCh3mj9zpa3Iwu167AuyNxsxrUE8eEJ2yH6wLCij4EApA==",
      "license": "MIT",
      "dependencies": {
        "@supabase/node-fetch": "^2.6.14",
        "@types/phoenix": "^1.5.4",
        "@types/ws": "^8.5.10",
        "ws": "^8.14.2"
      }
    },
    "node_modules/@supabase/storage-js": {
      "version": "2.7.0",
      "resolved": "https://registry.npmjs.org/@supabase/storage-js/-/storage-js-2.7.0.tgz",
      "integrity": "sha512-iZenEdO6Mx9iTR6T7wC7sk6KKsoDPLq8rdu5VRy7+JiT1i8fnqfcOr6mfF2Eaqky9VQzhP8zZKQYjzozB65Rig==",
      "license": "MIT",
      "dependencies": {
        "@supabase/node-fetch": "^2.6.14"
      }
    },
    "node_modules/@supabase/supabase-js": {
      "version": "2.45.3",
      "resolved": "https://registry.npmjs.org/@supabase/supabase-js/-/supabase-js-2.45.3.tgz",
      "integrity": "sha512-4wAux6cuVMrdH/qUjKn6p3p3L9AtAO3Une6ojIrtpCj1RaXKVoyIATiacSRAI+pKff6XZBVCGC29v+z4Jo/uSw==",
      "license": "MIT",
      "dependencies": {
        "@supabase/auth-js": "2.65.0",
        "@supabase/functions-js": "2.4.1",
        "@supabase/node-fetch": "2.6.15",
        "@supabase/postgrest-js": "1.15.8",
        "@supabase/realtime-js": "2.10.2",
        "@supabase/storage-js": "2.7.0"
      }
    },
    "node_modules/@types/bun": {
      "version": "1.1.8",
      "resolved": "https://registry.npmjs.org/@types/bun/-/bun-1.1.8.tgz",
      "integrity": "sha512-PIwVFQKPviksiibobyvcWtMvMFMTj91T8dQEh9l1P3Ypr3ZuVn9w7HSr+5mTNrPqD1xpdDLEErzZPU8gqHBu6g==",
      "dev": true,
      "license": "MIT",
      "dependencies": {
        "bun-types": "1.1.26"
      }
    },
    "node_modules/@types/node": {
      "version": "22.5.2",
      "resolved": "https://registry.npmjs.org/@types/node/-/node-22.5.2.tgz",
      "integrity": "sha512-acJsPTEqYqulZS/Yp/S3GgeE6GZ0qYODUR8aVr/DkhHQ8l9nd4j5x1/ZJy9/gHrRlFMqkO6i0I3E27Alu4jjPg==",
      "license": "MIT",
      "dependencies": {
        "undici-types": "~6.19.2"
      }
    },
    "node_modules/@types/phoenix": {
      "version": "1.6.5",
      "resolved": "https://registry.npmjs.org/@types/phoenix/-/phoenix-1.6.5.tgz",
      "integrity": "sha512-xegpDuR+z0UqG9fwHqNoy3rI7JDlvaPh2TY47Fl80oq6g+hXT+c/LEuE43X48clZ6lOfANl5WrPur9fYO1RJ/w==",
      "license": "MIT"
    },
    "node_modules/@types/ws": {
      "version": "8.5.12",
      "resolved": "https://registry.npmjs.org/@types/ws/-/ws-8.5.12.tgz",
      "integrity": "sha512-3tPRkv1EtkDpzlgyKyI8pGsGZAGPEaXeu0DOj5DI25Ja91bdAYddYHbADRYVrZMRbfW+1l5YwXVDKohDJNQxkQ==",
      "license": "MIT",
      "dependencies": {
        "@types/node": "*"
      }
    },
    "node_modules/bun-types": {
      "version": "1.1.26",
      "resolved": "https://registry.npmjs.org/bun-types/-/bun-types-1.1.26.tgz",
      "integrity": "sha512-n7jDe62LsB2+WE8Q8/mT3azkPaatKlj/2MyP6hi3mKvPz9oPpB6JW/Ll6JHtNLudasFFuvfgklYSE+rreGvBjw==",
      "devOptional": true,
      "license": "MIT",
      "dependencies": {
        "@types/node": "~20.12.8",
        "@types/ws": "~8.5.10"
      }
    },
    "node_modules/bun-types/node_modules/@types/node": {
      "version": "20.12.14",
      "resolved": "https://registry.npmjs.org/@types/node/-/node-20.12.14.tgz",
      "integrity": "sha512-scnD59RpYD91xngrQQLGkE+6UrHUPzeKZWhhjBSa3HSkwjbQc38+q3RoIVEwxQGRw3M+j5hpNAM+lgV3cVormg==",
      "devOptional": true,
      "license": "MIT",
      "dependencies": {
        "undici-types": "~5.26.4"
      }
    },
    "node_modules/bun-types/node_modules/undici-types": {
      "version": "5.26.5",
      "resolved": "https://registry.npmjs.org/undici-types/-/undici-types-5.26.5.tgz",
      "integrity": "sha512-JlCMO+ehdEIKqlFxk6IfVoAUVmgz7cU7zD/h9XZ0qzeosSHmUJVOzSQvvYSYWXkFXC+IfLKSIffhv0sVZup6pA==",
      "devOptional": true,
      "license": "MIT"
    },
    "node_modules/dotenv": {
      "version": "16.4.5",
      "resolved": "https://registry.npmjs.org/dotenv/-/dotenv-16.4.5.tgz",
      "integrity": "sha512-ZmdL2rui+eB2YwhsWzjInR8LldtZHGDoQ1ugH85ppHKwpUHL7j7rN0Ti9NCnGiQbhaZ11FpR+7ao1dNsmduNUg==",
      "license": "BSD-2-Clause",
      "engines": {
        "node": ">=12"
      },
      "funding": {
        "url": "https://dotenvx.com"
      }
    },
    "node_modules/drizzle-orm": {
      "version": "0.33.0",
      "resolved": "https://registry.npmjs.org/drizzle-orm/-/drizzle-orm-0.33.0.tgz",
      "integrity": "sha512-SHy72R2Rdkz0LEq0PSG/IdvnT3nGiWuRk+2tXZQ90GVq/XQhpCzu/EFT3V2rox+w8MlkBQxifF8pCStNYnERfA==",
      "license": "Apache-2.0",
      "peerDependencies": {
        "@aws-sdk/client-rds-data": ">=3",
        "@cloudflare/workers-types": ">=3",
        "@electric-sql/pglite": ">=0.1.1",
        "@libsql/client": "*",
        "@neondatabase/serverless": ">=0.1",
        "@op-engineering/op-sqlite": ">=2",
        "@opentelemetry/api": "^1.4.1",
        "@planetscale/database": ">=1",
        "@prisma/client": "*",
        "@tidbcloud/serverless": "*",
        "@types/better-sqlite3": "*",
        "@types/pg": "*",
        "@types/react": ">=18",
        "@types/sql.js": "*",
        "@vercel/postgres": ">=0.8.0",
        "@xata.io/client": "*",
        "better-sqlite3": ">=7",
        "bun-types": "*",
        "expo-sqlite": ">=13.2.0",
        "knex": "*",
        "kysely": "*",
        "mysql2": ">=2",
        "pg": ">=8",
        "postgres": ">=3",
        "react": ">=18",
        "sql.js": ">=1",
        "sqlite3": ">=5"
      },
      "peerDependenciesMeta": {
        "@aws-sdk/client-rds-data": {
          "optional": true
        },
        "@cloudflare/workers-types": {
          "optional": true
        },
        "@electric-sql/pglite": {
          "optional": true
        },
        "@libsql/client": {
          "optional": true
        },
        "@neondatabase/serverless": {
          "optional": true
        },
        "@op-engineering/op-sqlite": {
          "optional": true
        },
        "@opentelemetry/api": {
          "optional": true
        },
        "@planetscale/database": {
          "optional": true
        },
        "@prisma/client": {
          "optional": true
        },
        "@tidbcloud/serverless": {
          "optional": true
        },
        "@types/better-sqlite3": {
          "optional": true
        },
        "@types/pg": {
          "optional": true
        },
        "@types/react": {
          "optional": true
        },
        "@types/sql.js": {
          "optional": true
        },
        "@vercel/postgres": {
          "optional": true
        },
        "@xata.io/client": {
          "optional": true
        },
        "better-sqlite3": {
          "optional": true
        },
        "bun-types": {
          "optional": true
        },
        "expo-sqlite": {
          "optional": true
        },
        "knex": {
          "optional": true
        },
        "kysely": {
          "optional": true
        },
        "mysql2": {
          "optional": true
        },
        "pg": {
          "optional": true
        },
        "postgres": {
          "optional": true
        },
        "prisma": {
          "optional": true
        },
        "react": {
          "optional": true
        },
        "sql.js": {
          "optional": true
        },
        "sqlite3": {
          "optional": true
        }
      }
    },
    "node_modules/hono": {
      "version": "4.5.11",
      "resolved": "https://registry.npmjs.org/hono/-/hono-4.5.11.tgz",
      "integrity": "sha512-62FcjLPtjAFwISVBUshryl+vbHOjg8rE4uIK/dxyR8GpLztunZpwFmfEvmJCUI7xoGh/Sr3CGCDPCmYxVw7wUQ==",
      "license": "MIT",
      "engines": {
        "node": ">=16.0.0"
      }
    },
    "node_modules/kysely": {
      "version": "0.27.4",
      "resolved": "https://registry.npmjs.org/kysely/-/kysely-0.27.4.tgz",
      "integrity": "sha512-dyNKv2KRvYOQPLCAOCjjQuCk4YFd33BvGdf/o5bC7FiW+BB6snA81Zt+2wT9QDFzKqxKa5rrOmvlK/anehCcgA==",
      "license": "MIT",
      "engines": {
        "node": ">=14.0.0"
      }
    },
    "node_modules/pg": {
      "version": "8.12.0",
      "resolved": "https://registry.npmjs.org/pg/-/pg-8.12.0.tgz",
      "integrity": "sha512-A+LHUSnwnxrnL/tZ+OLfqR1SxLN3c/pgDztZ47Rpbsd4jUytsTtwQo/TLPRzPJMp/1pbhYVhH9cuSZLAajNfjQ==",
      "license": "MIT",
      "dependencies": {
        "pg-connection-string": "^2.6.4",
        "pg-pool": "^3.6.2",
        "pg-protocol": "^1.6.1",
        "pg-types": "^2.1.0",
        "pgpass": "1.x"
      },
      "engines": {
        "node": ">= 8.0.0"
      },
      "optionalDependencies": {
        "pg-cloudflare": "^1.1.1"
      },
      "peerDependencies": {
        "pg-native": ">=3.0.1"
      },
      "peerDependenciesMeta": {
        "pg-native": {
          "optional": true
        }
      }
    },
    "node_modules/pg-cloudflare": {
      "version": "1.1.1",
      "resolved": "https://registry.npmjs.org/pg-cloudflare/-/pg-cloudflare-1.1.1.tgz",
      "integrity": "sha512-xWPagP/4B6BgFO+EKz3JONXv3YDgvkbVrGw2mTo3D6tVDQRh1e7cqVGvyR3BE+eQgAvx1XhW/iEASj4/jCWl3Q==",
      "license": "MIT",
      "optional": true
    },
    "node_modules/pg-connection-string": {
      "version": "2.6.4",
      "resolved": "https://registry.npmjs.org/pg-connection-string/-/pg-connection-string-2.6.4.tgz",
      "integrity": "sha512-v+Z7W/0EO707aNMaAEfiGnGL9sxxumwLl2fJvCQtMn9Fxsg+lPpPkdcyBSv/KFgpGdYkMfn+EI1Or2EHjpgLCA==",
      "license": "MIT"
    },
    "node_modules/pg-int8": {
      "version": "1.0.1",
      "resolved": "https://registry.npmjs.org/pg-int8/-/pg-int8-1.0.1.tgz",
      "integrity": "sha512-WCtabS6t3c8SkpDBUlb1kjOs7l66xsGdKpIPZsg4wR+B3+u9UAum2odSsF9tnvxg80h4ZxLWMy4pRjOsFIqQpw==",
      "license": "ISC",
      "engines": {
        "node": ">=4.0.0"
      }
    },
    "node_modules/pg-pool": {
      "version": "3.6.2",
      "resolved": "https://registry.npmjs.org/pg-pool/-/pg-pool-3.6.2.tgz",
      "integrity": "sha512-Htjbg8BlwXqSBQ9V8Vjtc+vzf/6fVUuak/3/XXKA9oxZprwW3IMDQTGHP+KDmVL7rtd+R1QjbnCFPuTHm3G4hg==",
      "license": "MIT",
      "peerDependencies": {
        "pg": ">=8.0"
      }
    },
    "node_modules/pg-protocol": {
      "version": "1.6.1",
      "resolved": "https://registry.npmjs.org/pg-protocol/-/pg-protocol-1.6.1.tgz",
      "integrity": "sha512-jPIlvgoD63hrEuihvIg+tJhoGjUsLPn6poJY9N5CnlPd91c2T18T/9zBtLxZSb1EhYxBRoZJtzScCaWlYLtktg==",
      "license": "MIT"
    },
    "node_modules/pg-types": {
      "version": "2.2.0",
      "resolved": "https://registry.npmjs.org/pg-types/-/pg-types-2.2.0.tgz",
      "integrity": "sha512-qTAAlrEsl8s4OiEQY69wDvcMIdQN6wdz5ojQiOy6YRMuynxenON0O5oCpJI6lshc6scgAY8qvJ2On/p+CXY0GA==",
      "license": "MIT",
      "dependencies": {
        "pg-int8": "1.0.1",
        "postgres-array": "~2.0.0",
        "postgres-bytea": "~1.0.0",
        "postgres-date": "~1.0.4",
        "postgres-interval": "^1.1.0"
      },
      "engines": {
        "node": ">=4"
      }
    },
    "node_modules/pgpass": {
      "version": "1.0.5",
      "resolved": "https://registry.npmjs.org/pgpass/-/pgpass-1.0.5.tgz",
      "integrity": "sha512-FdW9r/jQZhSeohs1Z3sI1yxFQNFvMcnmfuj4WBMUTxOrAyLMaTcE1aAMBiTlbMNaXvBCQuVi0R7hd8udDSP7ug==",
      "license": "MIT",
      "dependencies": {
        "split2": "^4.1.0"
      }
    },
    "node_modules/postgres-array": {
      "version": "2.0.0",
      "resolved": "https://registry.npmjs.org/postgres-array/-/postgres-array-2.0.0.tgz",
      "integrity": "sha512-VpZrUqU5A69eQyW2c5CA1jtLecCsN2U/bD6VilrFDWq5+5UIEVO7nazS3TEcHf1zuPYO/sqGvUvW62g86RXZuA==",
      "license": "MIT",
      "engines": {
        "node": ">=4"
      }
    },
    "node_modules/postgres-bytea": {
      "version": "1.0.0",
      "resolved": "https://registry.npmjs.org/postgres-bytea/-/postgres-bytea-1.0.0.tgz",
      "integrity": "sha512-xy3pmLuQqRBZBXDULy7KbaitYqLcmxigw14Q5sj8QBVLqEwXfeybIKVWiqAXTlcvdvb0+xkOtDbfQMOf4lST1w==",
      "license": "MIT",
      "engines": {
        "node": ">=0.10.0"
      }
    },
    "node_modules/postgres-date": {
      "version": "1.0.7",
      "resolved": "https://registry.npmjs.org/postgres-date/-/postgres-date-1.0.7.tgz",
      "integrity": "sha512-suDmjLVQg78nMK2UZ454hAG+OAW+HQPZ6n++TNDUX+L0+uUlLywnoxJKDou51Zm+zTCjrCl0Nq6J9C5hP9vK/Q==",
      "license": "MIT",
      "engines": {
        "node": ">=0.10.0"
      }
    },
    "node_modules/postgres-interval": {
      "version": "1.2.0",
      "resolved": "https://registry.npmjs.org/postgres-interval/-/postgres-interval-1.2.0.tgz",
      "integrity": "sha512-9ZhXKM/rw350N1ovuWHbGxnGh/SNJ4cnxHiM0rxE4VN41wsg8P8zWn9hv/buK00RP4WvlOyr/RBDiptyxVbkZQ==",
      "license": "MIT",
      "dependencies": {
        "xtend": "^4.0.0"
      },
      "engines": {
        "node": ">=0.10.0"
      }
    },
    "node_modules/split2": {
      "version": "4.2.0",
      "resolved": "https://registry.npmjs.org/split2/-/split2-4.2.0.tgz",
      "integrity": "sha512-UcjcJOWknrNkF6PLX83qcHM6KHgVKNkV62Y8a5uYDVv9ydGQVwAHMKqHdJje1VTWpljG0WYpCDhrCdAOYH4TWg==",
      "license": "ISC",
      "engines": {
        "node": ">= 10.x"
      }
    },
    "node_modules/tr46": {
      "version": "0.0.3",
      "resolved": "https://registry.npmjs.org/tr46/-/tr46-0.0.3.tgz",
      "integrity": "sha512-N3WMsuqV66lT30CrXNbEjx4GEwlow3v6rr4mCcv6prnfwhS01rkgyFdjPNBYd9br7LpXV1+Emh01fHnq2Gdgrw==",
      "license": "MIT"
    },
    "node_modules/typebox": {
      "version": "0.0.1",
      "resolved": "https://registry.npmjs.org/typebox/-/typebox-0.0.1.tgz",
      "integrity": "sha512-pJc2iszaWtRS4mIX73nT2IvgtTTuW0yu3unrbMcszsNxzypSpMiTmt7Cr/2t59amfI0naGEE6jvSWeqMFynL+g=="
    },
    "node_modules/undici-types": {
      "version": "6.19.8",
      "resolved": "https://registry.npmjs.org/undici-types/-/undici-types-6.19.8.tgz",
      "integrity": "sha512-ve2KP6f/JnbPBFyobGHuerC9g1FYGn/F8n1LWTwNxCEzd6IfqTwUQcNXgEtmmQ6DlRrC1hrSrBnCZPokRrDHjw==",
      "license": "MIT"
    },
    "node_modules/webidl-conversions": {
      "version": "3.0.1",
      "resolved": "https://registry.npmjs.org/webidl-conversions/-/webidl-conversions-3.0.1.tgz",
      "integrity": "sha512-2JAn3z8AR6rjK8Sm8orRC0h/bcl/DqL7tRPdGZ4I1CjdF+EaMLmYxBHyXuKL849eucPFhvBoxMsflfOb8kxaeQ==",
      "license": "BSD-2-Clause"
    },
    "node_modules/whatwg-url": {
      "version": "5.0.0",
      "resolved": "https://registry.npmjs.org/whatwg-url/-/whatwg-url-5.0.0.tgz",
      "integrity": "sha512-saE57nupxk6v3HY35+jzBwYa0rKSy0XR8JSxZPwgLr7ys0IBzhGviA1/TUGJLmSVqs8pb9AnvICXEuOHLprYTw==",
      "license": "MIT",
      "dependencies": {
        "tr46": "~0.0.3",
        "webidl-conversions": "^3.0.0"
      }
    },
    "node_modules/ws": {
      "version": "8.18.0",
      "resolved": "https://registry.npmjs.org/ws/-/ws-8.18.0.tgz",
      "integrity": "sha512-8VbfWfHLbbwu3+N6OKsOMpBdT4kXPDDB9cJk2bJ6mh9ucxdlnNvH1e+roYkKmN9Nxw2yjz7VzeO9oOz2zJ04Pw==",
      "license": "MIT",
      "engines": {
        "node": ">=10.0.0"
      },
      "peerDependencies": {
        "bufferutil": "^4.0.1",
        "utf-8-validate": ">=5.0.2"
      },
      "peerDependenciesMeta": {
        "bufferutil": {
          "optional": true
        },
        "utf-8-validate": {
          "optional": true
        }
      }
    },
    "node_modules/xtend": {
      "version": "4.0.2",
      "resolved": "https://registry.npmjs.org/xtend/-/xtend-4.0.2.tgz",
      "integrity": "sha512-LKYU1iAXJXUgAXn9URjiu+MWhyUXHsvfp7mcuYm9dSUKK0/CjtrUwFAxD82/mCWbtLsGjFIad0wIsod4zrTAEQ==",
      "license": "MIT",
      "engines": {
        "node": ">=0.4"
      }
    }
  }
}
